
Microsoft Visual Studio Solution File, Format Version 12.00
# Visual Studio 14
VisualStudioVersion = 14.0.25123.0
MinimumVisualStudioVersion = 10.0.40219.1
Project("{FAE04EC0-301F-11D3-BF4B-00C04F79EFBC}") = "MyNote", "MyNote\MyNote.csproj", "{D838A96B-2373-4ADB-AC50-D21F23E497CA}"
EndProject
Project("{FAE04EC0-301F-11D3-BF4B-00C04F79EFBC}") = "Tests", "Tests\Tests.csproj", "{E68DE7A2-E182-4B38-B28D-1D7C0A84BB45}"
EndProject
Global
	GlobalSection(SolutionConfigurationPlatforms) = preSolution
		Debug|Any CPU = Debug|Any CPU
		Release|Any CPU = Release|Any CPU
	EndGlobalSection
	GlobalSection(ProjectConfigurationPlatforms) = postSolution
		{D838A96B-2373-4ADB-AC50-D21F23E497CA}.Debug|Any CPU.ActiveCfg = Debug|Any CPU
		{D838A96B-2373-4ADB-AC50-D21F23E497CA}.Debug|Any CPU.Build.0 = Debug|Any CPU
		{D838A96B-2373-4ADB-AC50-D21F23E497CA}.Release|Any CPU.ActiveCfg = Release|Any CPU
		{D838A96B-2373-4ADB-AC50-D21F23E497CA}.Release|Any CPU.Build.0 = Release|Any CPU
		{E68DE7A2-E182-4B38-B28D-1D7C0A84BB45}.Debug|Any CPU.ActiveCfg = Debug|Any CPU
		{E68DE7A2-E182-4B38-B28D-1D7C0A84BB45}.Debug|Any CPU.Build.0 = Debug|Any CPU
		{E68DE7A2-E182-4B38-B28D-1D7C0A84BB45}.Release|Any CPU.ActiveCfg = Release|Any CPU
		{E68DE7A2-E182-4B38-B28D-1D7C0A84BB45}.Release|Any CPU.Build.0 = Release|Any CPU
	EndGlobalSection
	GlobalSection(SolutionProperties) = preSolution
		HideSolutionNode = FALSE
	EndGlobalSection
EndGlobal
